PODS:
  - yuntongxun-full-sdk (0.0.1)

DEPENDENCIES:
  - yuntongxun-full-sdk (from `../../yuntongxun`)

EXTERNAL SOURCES:
  yuntongxun-full-sdk:
    :path: "../../yuntongxun"

SPEC CHECKSUMS:
  yuntongxun-full-sdk: e1fb19c59707b7fd75cb1cbb5d03b3c31e316684

PODFILE CHECKSUM: 348ba06f3ecd524be2a5d201865985fbdcccd9a4

COCOAPODS: 1.1.0.beta.1
