PODS:
  - yuntongxun-full-sdk (0.0.1)

DEPENDENCIES:
  - yuntongxun-full-sdk (from `../../yuntongxun`)

EXTERNAL SOURCES:
  yuntongxun-full-sdk:
    :path: "../../yuntongxun"

SPEC CHECKSUMS:
  yuntongxun-full-sdk: 4d1ea5b7f6c54bd2fbf7e76d9346db06b55406fe

PODFILE CHECKSUM: cd38d795564883bb135d4fb5493124780471761d

COCOAPODS: 1.1.0.beta.1
