PODS:
  - yuntongxun-full-sdk (0.0.1)

DEPENDENCIES:
  - yuntongxun-full-sdk (from `../../yuntongxun`)

EXTERNAL SOURCES:
  yuntongxun-full-sdk:
    :path: "../../yuntongxun"

SPEC CHECKSUMS:
  yuntongxun-full-sdk: 3df3a1c8734e1f1e39158933e57bd409a93add9d

PODFILE CHECKSUM: 348ba06f3ecd524be2a5d201865985fbdcccd9a4

COCOAPODS: 1.1.0.beta.1
